
Microsoft Visual Studio Solution File, Format Version 12.00
Project("{FAE04EC0-301F-11D3-BF4B-00C04F79EFBC}") = "BonusReportGenerator", "BonusReportGenerator\BonusReportGenerator.csproj", "{C32A40A4-FA44-4BDC-B09D-F7856BB62AE3}"
EndProject
Project("{FAE04EC0-301F-11D3-BF4B-00C04F79EFBC}") = "BonusReportGenerator_Tests", "BonusReportGenerator_Tests\BonusReportGenerator_Tests.csproj", "{2598EA2E-30C9-446C-95EC-2B72B7F6823D}"
EndProject
Global
	GlobalSection(SolutionConfigurationPlatforms) = preSolution
		Debug|Any CPU = Debug|Any CPU
		Release|Any CPU = Release|Any CPU
	EndGlobalSection
	GlobalSection(ProjectConfigurationPlatforms) = postSolution
		{C32A40A4-FA44-4BDC-B09D-F7856BB62AE3}.Debug|Any CPU.ActiveCfg = Debug|Any CPU
		{C32A40A4-FA44-4BDC-B09D-F7856BB62AE3}.Debug|Any CPU.Build.0 = Debug|Any CPU
		{C32A40A4-FA44-4BDC-B09D-F7856BB62AE3}.Release|Any CPU.ActiveCfg = Release|Any CPU
		{C32A40A4-FA44-4BDC-B09D-F7856BB62AE3}.Release|Any CPU.Build.0 = Release|Any CPU
		{2598EA2E-30C9-446C-95EC-2B72B7F6823D}.Debug|Any CPU.ActiveCfg = Debug|Any CPU
		{2598EA2E-30C9-446C-95EC-2B72B7F6823D}.Debug|Any CPU.Build.0 = Debug|Any CPU
		{2598EA2E-30C9-446C-95EC-2B72B7F6823D}.Release|Any CPU.ActiveCfg = Release|Any CPU
		{2598EA2E-30C9-446C-95EC-2B72B7F6823D}.Release|Any CPU.Build.0 = Release|Any CPU
	EndGlobalSection
EndGlobal
